
Microsoft Visual Studio Solution File, Format Version 12.00
# Visual Studio Version 17
VisualStudioVersion = 17.3.32901.215
MinimumVisualStudioVersion = 10.0.40219.1
Project("{2150E333-8FDC-42A3-9474-1A3956D46DE8}") = "Inputs", "Inputs", "{141C49E3-108F-476C-A772-7E53EB640CFA}"
	ProjectSection(SolutionItems) = preProject
		Day01_Input.txt = Day01_Input.txt
		Day02_Input.txt = Day02_Input.txt
		Day03_Input.txt = Day03_Input.txt
		Day04_Input.txt = Day04_Input.txt
		Day05_Input.txt = Day05_Input.txt
		Day06_Input.txt = Day06_Input.txt
	EndProjectSection
EndProject
Project("{9A19103F-16F7-4668-BE54-9A1E7A4F7556}") = "AdventOfCode_Day01", "AdventOfCode_Day01\AdventOfCode_Day01.csproj", "{19873A70-E8AB-4F1D-A0E6-D0D25778B30D}"
EndProject
Project("{9A19103F-16F7-4668-BE54-9A1E7A4F7556}") = "AdventOfCode_Day02", "AdventOfCode_Day02\AdventOfCode_Day02.csproj", "{B321E1CA-7E8B-4442-9DF7-5E0B01E0A0EF}"
EndProject
Project("{FAE04EC0-301F-11D3-BF4B-00C04F79EFBC}") = "AdventOfCode_Day03", "AdventOfCode_Day03\AdventOfCode_Day03.csproj", "{6171F28A-4AD1-4069-AFE2-5642C50B5346}"
EndProject
Project("{FAE04EC0-301F-11D3-BF4B-00C04F79EFBC}") = "AdventOfCode_Day04", "AdventOfCode_Day04\AdventOfCode_Day04.csproj", "{379167AA-EABA-457D-9281-E77B3B8CB86C}"
EndProject
Global
	GlobalSection(SolutionConfigurationPlatforms) = preSolution
		Debug|Any CPU = Debug|Any CPU
		Release|Any CPU = Release|Any CPU
	EndGlobalSection
	GlobalSection(ProjectConfigurationPlatforms) = postSolution
		{19873A70-E8AB-4F1D-A0E6-D0D25778B30D}.Debug|Any CPU.ActiveCfg = Debug|Any CPU
		{19873A70-E8AB-4F1D-A0E6-D0D25778B30D}.Debug|Any CPU.Build.0 = Debug|Any CPU
		{19873A70-E8AB-4F1D-A0E6-D0D25778B30D}.Release|Any CPU.ActiveCfg = Release|Any CPU
		{19873A70-E8AB-4F1D-A0E6-D0D25778B30D}.Release|Any CPU.Build.0 = Release|Any CPU
		{B321E1CA-7E8B-4442-9DF7-5E0B01E0A0EF}.Debug|Any CPU.ActiveCfg = Debug|Any CPU
		{B321E1CA-7E8B-4442-9DF7-5E0B01E0A0EF}.Debug|Any CPU.Build.0 = Debug|Any CPU
		{B321E1CA-7E8B-4442-9DF7-5E0B01E0A0EF}.Release|Any CPU.ActiveCfg = Release|Any CPU
		{B321E1CA-7E8B-4442-9DF7-5E0B01E0A0EF}.Release|Any CPU.Build.0 = Release|Any CPU
		{6171F28A-4AD1-4069-AFE2-5642C50B5346}.Debug|Any CPU.ActiveCfg = Debug|Any CPU
		{6171F28A-4AD1-4069-AFE2-5642C50B5346}.Debug|Any CPU.Build.0 = Debug|Any CPU
		{6171F28A-4AD1-4069-AFE2-5642C50B5346}.Release|Any CPU.ActiveCfg = Release|Any CPU
		{6171F28A-4AD1-4069-AFE2-5642C50B5346}.Release|Any CPU.Build.0 = Release|Any CPU
		{379167AA-EABA-457D-9281-E77B3B8CB86C}.Debug|Any CPU.ActiveCfg = Debug|Any CPU
		{379167AA-EABA-457D-9281-E77B3B8CB86C}.Debug|Any CPU.Build.0 = Debug|Any CPU
		{379167AA-EABA-457D-9281-E77B3B8CB86C}.Release|Any CPU.ActiveCfg = Release|Any CPU
		{379167AA-EABA-457D-9281-E77B3B8CB86C}.Release|Any CPU.Build.0 = Release|Any CPU
	EndGlobalSection
	GlobalSection(SolutionProperties) = preSolution
		HideSolutionNode = FALSE
	EndGlobalSection
	GlobalSection(ExtensibilityGlobals) = postSolution
		SolutionGuid = {C505FA09-92D6-4257-842F-68EB0660BBCD}
	EndGlobalSection
EndGlobal
